
Microsoft Visual Studio Solution File, Format Version 12.00
# Visual Studio Version 16
VisualStudioVersion = 16.0.29020.237
MinimumVisualStudioVersion = 10.0.40219.1
Project("{FAE04EC0-301F-11D3-BF4B-00C04F79EFBC}") = "Model", "Model\Model.csproj", "{9F43ECDB-821F-456A-925E-ED23B11E7F34}"
EndProject
Project("{FAE04EC0-301F-11D3-BF4B-00C04F79EFBC}") = "Repository", "Repository\Repository.csproj", "{8B6BC71A-621C-4515-8E23-0E2E8A012076}"
EndProject
Project("{FAE04EC0-301F-11D3-BF4B-00C04F79EFBC}") = "View", "View\View.csproj", "{A7E548CE-9904-4BF2-A96F-DB71DD83FF1D}"
EndProject
Global
	GlobalSection(SolutionConfigurationPlatforms) = preSolution
		Debug|Any CPU = Debug|Any CPU
		Release|Any CPU = Release|Any CPU
	EndGlobalSection
	GlobalSection(ProjectConfigurationPlatforms) = postSolution
		{9F43ECDB-821F-456A-925E-ED23B11E7F34}.Debug|Any CPU.ActiveCfg = Debug|Any CPU
		{9F43ECDB-821F-456A-925E-ED23B11E7F34}.Debug|Any CPU.Build.0 = Debug|Any CPU
		{9F43ECDB-821F-456A-925E-ED23B11E7F34}.Release|Any CPU.ActiveCfg = Release|Any CPU
		{9F43ECDB-821F-456A-925E-ED23B11E7F34}.Release|Any CPU.Build.0 = Release|Any CPU
		{8B6BC71A-621C-4515-8E23-0E2E8A012076}.Debug|Any CPU.ActiveCfg = Debug|Any CPU
		{8B6BC71A-621C-4515-8E23-0E2E8A012076}.Debug|Any CPU.Build.0 = Debug|Any CPU
		{8B6BC71A-621C-4515-8E23-0E2E8A012076}.Release|Any CPU.ActiveCfg = Release|Any CPU
		{8B6BC71A-621C-4515-8E23-0E2E8A012076}.Release|Any CPU.Build.0 = Release|Any CPU
		{A7E548CE-9904-4BF2-A96F-DB71DD83FF1D}.Debug|Any CPU.ActiveCfg = Debug|Any CPU
		{A7E548CE-9904-4BF2-A96F-DB71DD83FF1D}.Debug|Any CPU.Build.0 = Debug|Any CPU
		{A7E548CE-9904-4BF2-A96F-DB71DD83FF1D}.Release|Any CPU.ActiveCfg = Release|Any CPU
		{A7E548CE-9904-4BF2-A96F-DB71DD83FF1D}.Release|Any CPU.Build.0 = Release|Any CPU
	EndGlobalSection
	GlobalSection(SolutionProperties) = preSolution
		HideSolutionNode = FALSE
	EndGlobalSection
	GlobalSection(ExtensibilityGlobals) = postSolution
		SolutionGuid = {852EBC23-7743-4604-B828-6E9B2ED6BEF3}
	EndGlobalSection
EndGlobal
